{
	"name": "@lobsangnet/lobsang-processor-port",
	"version": "0.1.1",
	"lockfileVersion": 1,
	"requires": true,
	"dependencies": {
		"port-numbers": {
			"version": "4.0.4",
			"resolved": "https://registry.npmjs.org/port-numbers/-/port-numbers-4.0.4.tgz",
			"integrity": "sha512-iicgo0Gltog+OinSw/ESmKOLi4Kfus/OQ6KfN4iOObYVh/Ap13PlFIBulPooBMKnEVm2SUO3Fs2Lk6T9culk1Q=="
		}
	}
}
