{
	"name": "@lobsangnet/lobsang-processor-port",
	"version": "0.1.3",
	"lockfileVersion": 1,
	"requires": true,
	"dependencies": {
		"port-numbers": {
			"version": "6.0.1",
			"resolved": "https://registry.npmjs.org/port-numbers/-/port-numbers-6.0.1.tgz",
			"integrity": "sha512-NPlVMRf0c/3TaeVM5TnX9J0Cyha+BalBVe9x+S7i7/hDC7bAXlQOItey4jTYi3h3P1VTIULWRuyIxd0kPjZYoA=="
		}
	}
}
